
Microsoft Visual Studio Solution File, Format Version 12.00
# Visual Studio Version 16
VisualStudioVersion = 16.0.30804.86
MinimumVisualStudioVersion = 10.0.40219.1
Project("{9A19103F-16F7-4668-BE54-9A1E7A4F7556}") = "EstudoRabbitMQ.Publisher", "EstudoRabbitMQ.Publisher\EstudoRabbitMQ.Publisher.csproj", "{6F9D71FB-55B8-4CA4-B7CE-680ECA1C1923}"
EndProject
Project("{9A19103F-16F7-4668-BE54-9A1E7A4F7556}") = "EstudoRabbitMQ.Consumer", "EstudoRabbitMQ.Consumer\EstudoRabbitMQ.Consumer.csproj", "{36F68574-9F42-4B53-A4A5-48C83DC9B375}"
EndProject
Project("{FAE04EC0-301F-11D3-BF4B-00C04F79EFBC}") = "EstudoRabbitMQ.Services", "EstudoRabbitMQ.Services\EstudoRabbitMQ.Services.csproj", "{A6284022-8C9C-41BF-A826-39103DCD9AD0}"
EndProject
Global
	GlobalSection(SolutionConfigurationPlatforms) = preSolution
		Debug|Any CPU = Debug|Any CPU
		Release|Any CPU = Release|Any CPU
	EndGlobalSection
	GlobalSection(ProjectConfigurationPlatforms) = postSolution
		{6F9D71FB-55B8-4CA4-B7CE-680ECA1C1923}.Debug|Any CPU.ActiveCfg = Debug|Any CPU
		{6F9D71FB-55B8-4CA4-B7CE-680ECA1C1923}.Debug|Any CPU.Build.0 = Debug|Any CPU
		{6F9D71FB-55B8-4CA4-B7CE-680ECA1C1923}.Release|Any CPU.ActiveCfg = Release|Any CPU
		{6F9D71FB-55B8-4CA4-B7CE-680ECA1C1923}.Release|Any CPU.Build.0 = Release|Any CPU
		{36F68574-9F42-4B53-A4A5-48C83DC9B375}.Debug|Any CPU.ActiveCfg = Debug|Any CPU
		{36F68574-9F42-4B53-A4A5-48C83DC9B375}.Debug|Any CPU.Build.0 = Debug|Any CPU
		{36F68574-9F42-4B53-A4A5-48C83DC9B375}.Release|Any CPU.ActiveCfg = Release|Any CPU
		{36F68574-9F42-4B53-A4A5-48C83DC9B375}.Release|Any CPU.Build.0 = Release|Any CPU
		{A6284022-8C9C-41BF-A826-39103DCD9AD0}.Debug|Any CPU.ActiveCfg = Debug|Any CPU
		{A6284022-8C9C-41BF-A826-39103DCD9AD0}.Debug|Any CPU.Build.0 = Debug|Any CPU
		{A6284022-8C9C-41BF-A826-39103DCD9AD0}.Release|Any CPU.ActiveCfg = Release|Any CPU
		{A6284022-8C9C-41BF-A826-39103DCD9AD0}.Release|Any CPU.Build.0 = Release|Any CPU
	EndGlobalSection
	GlobalSection(SolutionProperties) = preSolution
		HideSolutionNode = FALSE
	EndGlobalSection
	GlobalSection(ExtensibilityGlobals) = postSolution
		SolutionGuid = {B4355DBB-EAE7-4D17-9206-97FB987F4F34}
	EndGlobalSection
EndGlobal
